{
  "name": "extension.learn-language",
  "lockfileVersion": 3,
  "requires": true,
  "packages": {
    "": {
      "dependencies": {
        "chrome-types": "^0.1.362"
      }
    },
    "node_modules/chrome-types": {
      "version": "0.1.362",
      "resolved": "https://registry.npmjs.org/chrome-types/-/chrome-types-0.1.362.tgz",
      "integrity": "sha512-W4W5IfgxNaZqDA2cz5EW4zarcpcNuEDUhZacabE3nke2/oI1DB9nuKg70iY6TbRuhw8CV1WBkFPybSyqcOZGxA==",
      "license": "Apache-2.0"
    }
  }
}
